
Microsoft Visual Studio Solution File, Format Version 11.00
# Visual Studio 2010
Project("{FAE04EC0-301F-11D3-BF4B-00C04F79EFBC}") = "Assembly-CSharp", "Assembly-CSharp.csproj", "{EF88247D-EDE6-FD7A-0F9E-40C1CFA7B88D}"
EndProject
Project("{FAE04EC0-301F-11D3-BF4B-00C04F79EFBC}") = "Assembly-CSharp-Editor", "Assembly-CSharp-Editor.csproj", "{925E1C23-A469-FCCA-255C-F8573D5E7847}"
EndProject
Global
	GlobalSection(SolutionConfigurationPlatforms) = preSolution
		Debug|Any CPU = Debug|Any CPU
		Release|Any CPU = Release|Any CPU
	EndGlobalSection
	GlobalSection(ProjectConfigurationPlatforms) = postSolution
		{EF88247D-EDE6-FD7A-0F9E-40C1CFA7B88D}.Debug|Any CPU.ActiveCfg = Debug|Any CPU
		{EF88247D-EDE6-FD7A-0F9E-40C1CFA7B88D}.Debug|Any CPU.Build.0 = Debug|Any CPU
		{EF88247D-EDE6-FD7A-0F9E-40C1CFA7B88D}.Release|Any CPU.ActiveCfg = Release|Any CPU
		{EF88247D-EDE6-FD7A-0F9E-40C1CFA7B88D}.Release|Any CPU.Build.0 = Release|Any CPU
		{925E1C23-A469-FCCA-255C-F8573D5E7847}.Debug|Any CPU.ActiveCfg = Debug|Any CPU
		{925E1C23-A469-FCCA-255C-F8573D5E7847}.Debug|Any CPU.Build.0 = Debug|Any CPU
		{925E1C23-A469-FCCA-255C-F8573D5E7847}.Release|Any CPU.ActiveCfg = Release|Any CPU
		{925E1C23-A469-FCCA-255C-F8573D5E7847}.Release|Any CPU.Build.0 = Release|Any CPU
	EndGlobalSection
	GlobalSection(SolutionProperties) = preSolution
		HideSolutionNode = FALSE
	EndGlobalSection
	GlobalSection(MonoDevelopProperties) = preSolution
		StartupItem = Assembly-CSharp.csproj
	EndGlobalSection
EndGlobal
